// !$*UTF8*$!
{
	archiveVersion = 1;
	classes = {
	};
	objectVersion = 56;
	objects = {

/* Begin PBXBuildFile section */
		100000000000000000000101 /* TiyiNoteApp.swift in Sources */ = {isa = PBXBuildFile; fileRef = 100000000000000000000201 /* TiyiNoteApp.swift */; };
		100000000000000000000102 /* CanvasTool.swift in Sources */ = {isa = PBXBuildFile; fileRef = 100000000000000000000202 /* CanvasTool.swift */; };
		100000000000000000000103 /* CanvasController.swift in Sources */ = {isa = PBXBuildFile; fileRef = 100000000000000000000203 /* CanvasController.swift */; };
		100000000000000000000104 /* DrawingDocumentStore.swift in Sources */ = {isa = PBXBuildFile; fileRef = 100000000000000000000204 /* DrawingDocumentStore.swift */; };
		100000000000000000000105 /* CanvasScreen.swift in Sources */ = {isa = PBXBuildFile; fileRef = 100000000000000000000205 /* CanvasScreen.swift */; };
		100000000000000000000106 /* PencilCanvasView.swift in Sources */ = {isa = PBXBuildFile; fileRef = 100000000000000000000206 /* PencilCanvasView.swift */; };
		100000000000000000000107 /* ToolPaletteView.swift in Sources */ = {isa = PBXBuildFile; fileRef = 100000000000000000000207 /* ToolPaletteView.swift */; };
		100000000000000000000108 /* Assets.xcassets in Resources */ = {isa = PBXBuildFile; fileRef = 100000000000000000000208 /* Assets.xcassets */; };
		100000000000000000000109 /* PDFPageView.swift in Sources */ = {isa = PBXBuildFile; fileRef = 100000000000000000000211 /* PDFPageView.swift */; };
		100000000000000000000110 /* Congruence.pdf in Resources */ = {isa = PBXBuildFile; fileRef = 100000000000000000000212 /* Congruence.pdf */; };
		100000000000000000000111 /* PDFWorkspaceChrome.swift in Sources */ = {isa = PBXBuildFile; fileRef = 100000000000000000000213 /* PDFWorkspaceChrome.swift */; };
		100000000000000000000112 /* PDFDocumentReaderView.swift in Sources */ = {isa = PBXBuildFile; fileRef = 100000000000000000000214 /* PDFDocumentReaderView.swift */; };
		100000000000000000000113 /* Geometry.pdf in Resources */ = {isa = PBXBuildFile; fileRef = 100000000000000000000215 /* Geometry.pdf */; };
		100000000000000000000114 /* TiyiNoteTheme.swift in Sources */ = {isa = PBXBuildFile; fileRef = 100000000000000000000216 /* TiyiNoteTheme.swift */; };
		100000000000000000000115 /* PlatformCapabilities.swift in Sources */ = {isa = PBXBuildFile; fileRef = 100000000000000000000217 /* PlatformCapabilities.swift */; };
		100000000000000000000116 /* LibraryModels.swift in Sources */ = {isa = PBXBuildFile; fileRef = 100000000000000000000218 /* LibraryModels.swift */; };
		100000000000000000000117 /* RootWorkspaceView.swift in Sources */ = {isa = PBXBuildFile; fileRef = 100000000000000000000219 /* RootWorkspaceView.swift */; };
		100000000000000000000118 /* LibraryBrowserView.swift in Sources */ = {isa = PBXBuildFile; fileRef = 100000000000000000000220 /* LibraryBrowserView.swift */; };
		100000000000000000000119 /* CloudSyncModels.swift in Sources */ = {isa = PBXBuildFile; fileRef = 100000000000000000000221 /* CloudSyncModels.swift */; };
		100000000000000000000120 /* CloudLibrarySyncCoordinator.swift in Sources */ = {isa = PBXBuildFile; fileRef = 100000000000000000000222 /* CloudLibrarySyncCoordinator.swift */; };
		100000000000000000000121 /* CloudKitSmokeHarness.swift in Sources */ = {isa = PBXBuildFile; fileRef = 100000000000000000000223 /* CloudKitSmokeHarness.swift */; };
		100000000000000000000122 /* LibraryFeatureSmokeHarness.swift in Sources */ = {isa = PBXBuildFile; fileRef = 100000000000000000000224 /* LibraryFeatureSmokeHarness.swift */; };
		100000000000000000000123 /* PageModels.swift in Sources */ = {isa = PBXBuildFile; fileRef = 100000000000000000000225 /* PageModels.swift */; };
		100000000000000000000124 /* CollaborationModels.swift in Sources */ = {isa = PBXBuildFile; fileRef = 100000000000000000000226 /* CollaborationModels.swift */; };
		100000000000000000000125 /* AutomaticBackupCoordinator.swift in Sources */ = {isa = PBXBuildFile; fileRef = 100000000000000000000227 /* AutomaticBackupCoordinator.swift */; };
		100000000000000000000126 /* TiyiNoteTextInteractionUITests.swift in Sources */ = {isa = PBXBuildFile; fileRef = 100000000000000000000228 /* TiyiNoteTextInteractionUITests.swift */; };
/* End PBXBuildFile section */

/* Begin PBXContainerItemProxy section */
		100000000000000000000901 /* PBXContainerItemProxy */ = {
			isa = PBXContainerItemProxy;
			containerPortal = 100000000000000000000601 /* Project object */;
			proxyType = 1;
			remoteGlobalIDString = 100000000000000000000501;
			remoteInfo = TiyiNote;
		};
/* End PBXContainerItemProxy section */

/* Begin PBXFileReference section */
		100000000000000000000201 /* TiyiNoteApp.swift */ = {isa = PBXFileReference; lastKnownFileType = sourcecode.swift; path = TiyiNoteApp.swift; sourceTree = "<group>"; };
		100000000000000000000202 /* CanvasTool.swift */ = {isa = PBXFileReference; lastKnownFileType = sourcecode.swift; path = CanvasTool.swift; sourceTree = "<group>"; };
		100000000000000000000203 /* CanvasController.swift */ = {isa = PBXFileReference; lastKnownFileType = sourcecode.swift; path = CanvasController.swift; sourceTree = "<group>"; };
		100000000000000000000204 /* DrawingDocumentStore.swift */ = {isa = PBXFileReference; lastKnownFileType = sourcecode.swift; path = DrawingDocumentStore.swift; sourceTree = "<group>"; };
		100000000000000000000205 /* CanvasScreen.swift */ = {isa = PBXFileReference; lastKnownFileType = sourcecode.swift; path = CanvasScreen.swift; sourceTree = "<group>"; };
		100000000000000000000206 /* PencilCanvasView.swift */ = {isa = PBXFileReference; lastKnownFileType = sourcecode.swift; path = PencilCanvasView.swift; sourceTree = "<group>"; };
		100000000000000000000207 /* ToolPaletteView.swift */ = {isa = PBXFileReference; lastKnownFileType = sourcecode.swift; path = ToolPaletteView.swift; sourceTree = "<group>"; };
		100000000000000000000208 /* Assets.xcassets */ = {isa = PBXFileReference; lastKnownFileType = folder.assetcatalog; path = Assets.xcassets; sourceTree = "<group>"; };
		100000000000000000000209 /* Info.plist */ = {isa = PBXFileReference; lastKnownFileType = text.plist.xml; path = Info.plist; sourceTree = "<group>"; };
		100000000000000000000210 /* TiyiNote.app */ = {isa = PBXFileReference; explicitFileType = wrapper.application; includeInIndex = 0; path = TiyiNote.app; sourceTree = BUILT_PRODUCTS_DIR; };
		100000000000000000000211 /* PDFPageView.swift */ = {isa = PBXFileReference; lastKnownFileType = sourcecode.swift; path = PDFPageView.swift; sourceTree = "<group>"; };
		100000000000000000000212 /* Congruence.pdf */ = {isa = PBXFileReference; lastKnownFileType = image.pdf; path = Congruence.pdf; sourceTree = "<group>"; };
		100000000000000000000213 /* PDFWorkspaceChrome.swift */ = {isa = PBXFileReference; lastKnownFileType = sourcecode.swift; path = PDFWorkspaceChrome.swift; sourceTree = "<group>"; };
		100000000000000000000214 /* PDFDocumentReaderView.swift */ = {isa = PBXFileReference; lastKnownFileType = sourcecode.swift; path = PDFDocumentReaderView.swift; sourceTree = "<group>"; };
		100000000000000000000215 /* Geometry.pdf */ = {isa = PBXFileReference; lastKnownFileType = image.pdf; path = Geometry.pdf; sourceTree = "<group>"; };
		100000000000000000000216 /* TiyiNoteTheme.swift */ = {isa = PBXFileReference; lastKnownFileType = sourcecode.swift; path = TiyiNoteTheme.swift; sourceTree = "<group>"; };
		100000000000000000000217 /* PlatformCapabilities.swift */ = {isa = PBXFileReference; lastKnownFileType = sourcecode.swift; path = PlatformCapabilities.swift; sourceTree = "<group>"; };
		100000000000000000000218 /* LibraryModels.swift */ = {isa = PBXFileReference; lastKnownFileType = sourcecode.swift; path = LibraryModels.swift; sourceTree = "<group>"; };
		100000000000000000000219 /* RootWorkspaceView.swift */ = {isa = PBXFileReference; lastKnownFileType = sourcecode.swift; path = RootWorkspaceView.swift; sourceTree = "<group>"; };
		100000000000000000000220 /* LibraryBrowserView.swift */ = {isa = PBXFileReference; lastKnownFileType = sourcecode.swift; path = LibraryBrowserView.swift; sourceTree = "<group>"; };
		100000000000000000000221 /* CloudSyncModels.swift */ = {isa = PBXFileReference; lastKnownFileType = sourcecode.swift; path = CloudSyncModels.swift; sourceTree = "<group>"; };
		100000000000000000000222 /* CloudLibrarySyncCoordinator.swift */ = {isa = PBXFileReference; lastKnownFileType = sourcecode.swift; path = CloudLibrarySyncCoordinator.swift; sourceTree = "<group>"; };
		100000000000000000000223 /* CloudKitSmokeHarness.swift */ = {isa = PBXFileReference; lastKnownFileType = sourcecode.swift; path = CloudKitSmokeHarness.swift; sourceTree = "<group>"; };
		100000000000000000000224 /* LibraryFeatureSmokeHarness.swift */ = {isa = PBXFileReference; lastKnownFileType = sourcecode.swift; path = LibraryFeatureSmokeHarness.swift; sourceTree = "<group>"; };
		100000000000000000000225 /* PageModels.swift */ = {isa = PBXFileReference; lastKnownFileType = sourcecode.swift; path = PageModels.swift; sourceTree = "<group>"; };
		100000000000000000000226 /* CollaborationModels.swift */ = {isa = PBXFileReference; lastKnownFileType = sourcecode.swift; path = CollaborationModels.swift; sourceTree = "<group>"; };
		100000000000000000000227 /* AutomaticBackupCoordinator.swift */ = {isa = PBXFileReference; lastKnownFileType = sourcecode.swift; path = AutomaticBackupCoordinator.swift; sourceTree = "<group>"; };
		100000000000000000000228 /* TiyiNoteTextInteractionUITests.swift */ = {isa = PBXFileReference; lastKnownFileType = sourcecode.swift; path = TiyiNoteTextInteractionUITests.swift; sourceTree = "<group>"; };
		100000000000000000000229 /* TiyiNoteUITests.xctest */ = {isa = PBXFileReference; explicitFileType = wrapper.cfbundle; includeInIndex = 0; path = TiyiNoteUITests.xctest; sourceTree = BUILT_PRODUCTS_DIR; };
/* End PBXFileReference section */

/* Begin PBXFrameworksBuildPhase section */
		100000000000000000000301 /* Frameworks */ = {
			isa = PBXFrameworksBuildPhase;
			buildActionMask = 2147483647;
			files = (
			);
			runOnlyForDeploymentPostprocessing = 0;
		};
		100000000000000000000304 /* Frameworks */ = {
			isa = PBXFrameworksBuildPhase;
			buildActionMask = 2147483647;
			files = (
			);
			runOnlyForDeploymentPostprocessing = 0;
		};
/* End PBXFrameworksBuildPhase section */

/* Begin PBXGroup section */
		100000000000000000000401 = {
			isa = PBXGroup;
			children = (
				100000000000000000000402 /* TiyiNote */,
				100000000000000000000409 /* TiyiNoteUITests */,
				100000000000000000000408 /* Products */,
			);
			sourceTree = "<group>";
		};
		100000000000000000000402 /* TiyiNote */ = {
			isa = PBXGroup;
			children = (
				100000000000000000000403 /* App */,
				100000000000000000000404 /* Models */,
				100000000000000000000405 /* Services */,
				100000000000000000000406 /* Views */,
				100000000000000000000407 /* Resources */,
				100000000000000000000209 /* Info.plist */,
			);
			path = TiyiNote;
			sourceTree = "<group>";
		};
		100000000000000000000403 /* App */ = {
			isa = PBXGroup;
			children = (
				100000000000000000000201 /* TiyiNoteApp.swift */,
				100000000000000000000219 /* RootWorkspaceView.swift */,
			);
			path = App;
			sourceTree = "<group>";
		};
		100000000000000000000404 /* Models */ = {
			isa = PBXGroup;
			children = (
				100000000000000000000202 /* CanvasTool.swift */,
				100000000000000000000217 /* PlatformCapabilities.swift */,
				100000000000000000000218 /* LibraryModels.swift */,
				100000000000000000000221 /* CloudSyncModels.swift */,
				100000000000000000000225 /* PageModels.swift */,
				100000000000000000000226 /* CollaborationModels.swift */,
			);
			path = Models;
			sourceTree = "<group>";
		};
		100000000000000000000405 /* Services */ = {
			isa = PBXGroup;
			children = (
				100000000000000000000203 /* CanvasController.swift */,
				100000000000000000000204 /* DrawingDocumentStore.swift */,
				100000000000000000000222 /* CloudLibrarySyncCoordinator.swift */,
				100000000000000000000223 /* CloudKitSmokeHarness.swift */,
				100000000000000000000224 /* LibraryFeatureSmokeHarness.swift */,
				100000000000000000000227 /* AutomaticBackupCoordinator.swift */,
			);
			path = Services;
			sourceTree = "<group>";
		};
		100000000000000000000406 /* Views */ = {
			isa = PBXGroup;
			children = (
				100000000000000000000220 /* LibraryBrowserView.swift */,
				100000000000000000000205 /* CanvasScreen.swift */,
				100000000000000000000206 /* PencilCanvasView.swift */,
				100000000000000000000207 /* ToolPaletteView.swift */,
				100000000000000000000211 /* PDFPageView.swift */,
				100000000000000000000213 /* PDFWorkspaceChrome.swift */,
				100000000000000000000214 /* PDFDocumentReaderView.swift */,
				100000000000000000000216 /* TiyiNoteTheme.swift */,
			);
			path = Views;
			sourceTree = "<group>";
		};
		100000000000000000000407 /* Resources */ = {
			isa = PBXGroup;
			children = (
				100000000000000000000208 /* Assets.xcassets */,
				100000000000000000000212 /* Congruence.pdf */,
				100000000000000000000215 /* Geometry.pdf */,
			);
			path = Resources;
			sourceTree = "<group>";
		};
		100000000000000000000408 /* Products */ = {
			isa = PBXGroup;
			children = (
				100000000000000000000210 /* TiyiNote.app */,
				100000000000000000000229 /* TiyiNoteUITests.xctest */,
			);
			name = Products;
			sourceTree = "<group>";
		};
		100000000000000000000409 /* TiyiNoteUITests */ = {
			isa = PBXGroup;
			children = (
				100000000000000000000228 /* TiyiNoteTextInteractionUITests.swift */,
			);
			path = TiyiNoteUITests;
			sourceTree = "<group>";
		};
/* End PBXGroup section */

/* Begin PBXNativeTarget section */
		100000000000000000000501 /* TiyiNote */ = {
			isa = PBXNativeTarget;
			buildConfigurationList = 100000000000000000000702 /* Build configuration list for PBXNativeTarget "TiyiNote" */;
			buildPhases = (
				100000000000000000000302 /* Sources */,
				100000000000000000000301 /* Frameworks */,
				100000000000000000000303 /* Resources */,
			);
			buildRules = (
			);
			dependencies = (
			);
			name = TiyiNote;
			productName = TiyiNote;
			productReference = 100000000000000000000210 /* TiyiNote.app */;
			productType = "com.apple.product-type.application";
		};
		100000000000000000000502 /* TiyiNoteUITests */ = {
			isa = PBXNativeTarget;
			buildConfigurationList = 100000000000000000000703 /* Build configuration list for PBXNativeTarget "TiyiNoteUITests" */;
			buildPhases = (
				100000000000000000000305 /* Sources */,
				100000000000000000000304 /* Frameworks */,
				100000000000000000000306 /* Resources */,
			);
			buildRules = (
			);
			dependencies = (
				100000000000000000000902 /* PBXTargetDependency */,
			);
			name = TiyiNoteUITests;
			productName = TiyiNoteUITests;
			productReference = 100000000000000000000229 /* TiyiNoteUITests.xctest */;
			productType = "com.apple.product-type.bundle.ui-testing";
		};
/* End PBXNativeTarget section */

/* Begin PBXProject section */
		100000000000000000000601 /* Project object */ = {
			isa = PBXProject;
			attributes = {
				BuildIndependentTargetsInParallel = 1;
				LastSwiftUpdateCheck = 2660;
				LastUpgradeCheck = 2660;
				TargetAttributes = {
					100000000000000000000501 = {
						CreatedOnToolsVersion = 26.6;
					};
					100000000000000000000502 = {
						CreatedOnToolsVersion = 26.6;
						TestTargetID = 100000000000000000000501;
					};
				};
			};
			buildConfigurationList = 100000000000000000000701 /* Build configuration list for PBXProject "TiyiNote" */;
			compatibilityVersion = "Xcode 14.0";
			developmentRegion = en;
			hasScannedForEncodings = 0;
			knownRegions = (
				en,
				Base,
				"zh-Hans",
			);
			mainGroup = 100000000000000000000401;
			productRefGroup = 100000000000000000000408 /* Products */;
			projectDirPath = "";
			projectRoot = "";
			targets = (
				100000000000000000000501 /* TiyiNote */,
				100000000000000000000502 /* TiyiNoteUITests */,
			);
		};
/* End PBXProject section */

/* Begin PBXResourcesBuildPhase section */
		100000000000000000000303 /* Resources */ = {
			isa = PBXResourcesBuildPhase;
			buildActionMask = 2147483647;
			files = (
				100000000000000000000108 /* Assets.xcassets in Resources */,
				100000000000000000000110 /* Congruence.pdf in Resources */,
				100000000000000000000113 /* Geometry.pdf in Resources */,
			);
			runOnlyForDeploymentPostprocessing = 0;
		};
		100000000000000000000306 /* Resources */ = {
			isa = PBXResourcesBuildPhase;
			buildActionMask = 2147483647;
			files = (
			);
			runOnlyForDeploymentPostprocessing = 0;
		};
/* End PBXResourcesBuildPhase section */

/* Begin PBXSourcesBuildPhase section */
		100000000000000000000302 /* Sources */ = {
			isa = PBXSourcesBuildPhase;
			buildActionMask = 2147483647;
			files = (
				100000000000000000000101 /* TiyiNoteApp.swift in Sources */,
				100000000000000000000102 /* CanvasTool.swift in Sources */,
				100000000000000000000103 /* CanvasController.swift in Sources */,
				100000000000000000000104 /* DrawingDocumentStore.swift in Sources */,
				100000000000000000000105 /* CanvasScreen.swift in Sources */,
				100000000000000000000106 /* PencilCanvasView.swift in Sources */,
				100000000000000000000107 /* ToolPaletteView.swift in Sources */,
				100000000000000000000109 /* PDFPageView.swift in Sources */,
				100000000000000000000111 /* PDFWorkspaceChrome.swift in Sources */,
				100000000000000000000112 /* PDFDocumentReaderView.swift in Sources */,
				100000000000000000000114 /* TiyiNoteTheme.swift in Sources */,
				100000000000000000000115 /* PlatformCapabilities.swift in Sources */,
				100000000000000000000116 /* LibraryModels.swift in Sources */,
				100000000000000000000117 /* RootWorkspaceView.swift in Sources */,
				100000000000000000000118 /* LibraryBrowserView.swift in Sources */,
				100000000000000000000119 /* CloudSyncModels.swift in Sources */,
				100000000000000000000120 /* CloudLibrarySyncCoordinator.swift in Sources */,
				100000000000000000000121 /* CloudKitSmokeHarness.swift in Sources */,
				100000000000000000000122 /* LibraryFeatureSmokeHarness.swift in Sources */,
				100000000000000000000123 /* PageModels.swift in Sources */,
				100000000000000000000124 /* CollaborationModels.swift in Sources */,
				100000000000000000000125 /* AutomaticBackupCoordinator.swift in Sources */,
			);
			runOnlyForDeploymentPostprocessing = 0;
		};
		100000000000000000000305 /* Sources */ = {
			isa = PBXSourcesBuildPhase;
			buildActionMask = 2147483647;
			files = (
				100000000000000000000126 /* TiyiNoteTextInteractionUITests.swift in Sources */,
			);
			runOnlyForDeploymentPostprocessing = 0;
		};
/* End PBXSourcesBuildPhase section */

/* Begin PBXTargetDependency section */
		100000000000000000000902 /* PBXTargetDependency */ = {
			isa = PBXTargetDependency;
			target = 100000000000000000000501 /* TiyiNote */;
			targetProxy = 100000000000000000000901 /* PBXContainerItemProxy */;
		};
/* End PBXTargetDependency section */

/* Begin XCBuildConfiguration section */
		100000000000000000000801 /* Debug */ = {
			isa = XCBuildConfiguration;
			buildSettings = {
				ALWAYS_SEARCH_USER_PATHS = NO;
				CLANG_ANALYZER_NONNULL = YES;
				CLANG_ENABLE_MODULES = YES;
				CLANG_ENABLE_OBJC_ARC = YES;
				CLANG_WARN_BLOCK_CAPTURE_AUTORELEASING = YES;
				CLANG_WARN_BOOL_CONVERSION = YES;
				CLANG_WARN_COMMA = YES;
				CLANG_WARN_CONSTANT_CONVERSION = YES;
				CLANG_WARN_DEPRECATED_OBJC_IMPLEMENTATIONS = YES;
				CLANG_WARN_DIRECT_OBJC_ISA_USAGE = YES_ERROR;
				CLANG_WARN_EMPTY_BODY = YES;
				CLANG_WARN_ENUM_CONVERSION = YES;
				CLANG_WARN_INFINITE_RECURSION = YES;
				CLANG_WARN_INT_CONVERSION = YES;
				CLANG_WARN_NON_LITERAL_NULL_CONVERSION = YES;
				CLANG_WARN_OBJC_IMPLICIT_RETAIN_SELF = YES;
				CLANG_WARN_OBJC_LITERAL_CONVERSION = YES;
				CLANG_WARN_OBJC_ROOT_CLASS = YES_ERROR;
				CLANG_WARN_QUOTED_INCLUDE_IN_FRAMEWORK_HEADER = YES;
				CLANG_WARN_RANGE_LOOP_ANALYSIS = YES;
				CLANG_WARN_STRICT_PROTOTYPES = YES;
				CLANG_WARN_SUSPICIOUS_MOVE = YES;
				CLANG_WARN_UNGUARDED_AVAILABILITY = YES_AGGRESSIVE;
				CLANG_WARN_UNREACHABLE_CODE = YES;
				CLANG_WARN__DUPLICATE_METHOD_MATCH = YES;
				COPY_PHASE_STRIP = NO;
				DEBUG_INFORMATION_FORMAT = dwarf;
				ENABLE_TESTABILITY = YES;
				GCC_C_LANGUAGE_STANDARD = gnu17;
				GCC_DYNAMIC_NO_PIC = NO;
				GCC_NO_COMMON_BLOCKS = YES;
				GCC_OPTIMIZATION_LEVEL = 0;
				GCC_PREPROCESSOR_DEFINITIONS = (
					"DEBUG=1",
					"$(inherited)",
				);
				GCC_WARN_64_TO_32_BIT_CONVERSION = YES;
				GCC_WARN_ABOUT_RETURN_TYPE = YES_ERROR;
				GCC_WARN_UNDECLARED_SELECTOR = YES;
				GCC_WARN_UNINITIALIZED_AUTOS = YES_AGGRESSIVE;
				GCC_WARN_UNUSED_FUNCTION = YES;
				GCC_WARN_UNUSED_VARIABLE = YES;
				IPHONEOS_DEPLOYMENT_TARGET = 17.0;
				MTL_ENABLE_DEBUG_INFO = INCLUDE_SOURCE;
				MTL_FAST_MATH = YES;
				ONLY_ACTIVE_ARCH = YES;
				SDKROOT = iphoneos;
				SWIFT_ACTIVE_COMPILATION_CONDITIONS = "DEBUG $(inherited)";
				SWIFT_OPTIMIZATION_LEVEL = "-Onone";
			};
			name = Debug;
		};
		100000000000000000000802 /* Release */ = {
			isa = XCBuildConfiguration;
			buildSettings = {
				ALWAYS_SEARCH_USER_PATHS = NO;
				CLANG_ANALYZER_NONNULL = YES;
				CLANG_ENABLE_MODULES = YES;
				CLANG_ENABLE_OBJC_ARC = YES;
				CLANG_WARN_BLOCK_CAPTURE_AUTORELEASING = YES;
				CLANG_WARN_BOOL_CONVERSION = YES;
				CLANG_WARN_COMMA = YES;
				CLANG_WARN_CONSTANT_CONVERSION = YES;
				CLANG_WARN_DEPRECATED_OBJC_IMPLEMENTATIONS = YES;
				CLANG_WARN_DIRECT_OBJC_ISA_USAGE = YES_ERROR;
				CLANG_WARN_EMPTY_BODY = YES;
				CLANG_WARN_ENUM_CONVERSION = YES;
				CLANG_WARN_INFINITE_RECURSION = YES;
				CLANG_WARN_INT_CONVERSION = YES;
				CLANG_WARN_NON_LITERAL_NULL_CONVERSION = YES;
				CLANG_WARN_OBJC_IMPLICIT_RETAIN_SELF = YES;
				CLANG_WARN_OBJC_LITERAL_CONVERSION = YES;
				CLANG_WARN_OBJC_ROOT_CLASS = YES_ERROR;
				CLANG_WARN_QUOTED_INCLUDE_IN_FRAMEWORK_HEADER = YES;
				CLANG_WARN_RANGE_LOOP_ANALYSIS = YES;
				CLANG_WARN_STRICT_PROTOTYPES = YES;
				CLANG_WARN_SUSPICIOUS_MOVE = YES;
				CLANG_WARN_UNGUARDED_AVAILABILITY = YES_AGGRESSIVE;
				CLANG_WARN_UNREACHABLE_CODE = YES;
				CLANG_WARN__DUPLICATE_METHOD_MATCH = YES;
				COPY_PHASE_STRIP = YES;
				DEBUG_INFORMATION_FORMAT = "dwarf-with-dsym";
				ENABLE_NS_ASSERTIONS = NO;
				GCC_C_LANGUAGE_STANDARD = gnu17;
				GCC_NO_COMMON_BLOCKS = YES;
				GCC_WARN_64_TO_32_BIT_CONVERSION = YES;
				GCC_WARN_ABOUT_RETURN_TYPE = YES_ERROR;
				GCC_WARN_UNDECLARED_SELECTOR = YES;
				GCC_WARN_UNINITIALIZED_AUTOS = YES_AGGRESSIVE;
				GCC_WARN_UNUSED_FUNCTION = YES;
				GCC_WARN_UNUSED_VARIABLE = YES;
				IPHONEOS_DEPLOYMENT_TARGET = 17.0;
				MTL_ENABLE_DEBUG_INFO = NO;
				MTL_FAST_MATH = YES;
				SDKROOT = iphoneos;
				SWIFT_COMPILATION_MODE = wholemodule;
				VALIDATE_PRODUCT = YES;
			};
			name = Release;
		};
		100000000000000000000803 /* Debug */ = {
			isa = XCBuildConfiguration;
			buildSettings = {
				APS_ENVIRONMENT = development;
				ASSETCATALOG_COMPILER_APPICON_NAME = AppIcon;
				ASSETCATALOG_COMPILER_GLOBAL_ACCENT_COLOR_NAME = AccentColor;
				CODE_SIGN_ENTITLEMENTS = TiyiNote/TiyiNote.entitlements;
				CODE_SIGN_STYLE = Automatic;
				CURRENT_PROJECT_VERSION = 1;
				DEVELOPMENT_TEAM = 73P2BH4AUD;
				ENABLE_PREVIEWS = YES;
				GENERATE_INFOPLIST_FILE = NO;
				INFOPLIST_FILE = TiyiNote/Info.plist;
				INFOPLIST_KEY_UIApplicationSceneManifest_Generation = YES;
				ICLOUD_CONTAINER_ENVIRONMENT = Development;
				LD_RUNPATH_SEARCH_PATHS = (
					"$(inherited)",
					"@executable_path/Frameworks",
				);
				MARKETING_VERSION = 0.1.0;
				MACOSX_DEPLOYMENT_TARGET = 14.0;
				PRODUCT_BUNDLE_IDENTIFIER = com.tiyi.note;
				"PRODUCT_BUNDLE_IDENTIFIER[sdk=macosx*]" = com.tiyi.note.mac;
				PRODUCT_NAME = "$(TARGET_NAME)";
				SUPPORTED_PLATFORMS = "iphoneos iphonesimulator macosx";
				SUPPORTS_MACCATALYST = YES;
				SWIFT_EMIT_LOC_STRINGS = YES;
				SWIFT_STRICT_CONCURRENCY = minimal;
				SWIFT_VERSION = 5.0;
				TARGETED_DEVICE_FAMILY = "1,2";
			};
			name = Debug;
		};
		100000000000000000000804 /* Release */ = {
			isa = XCBuildConfiguration;
			buildSettings = {
				APS_ENVIRONMENT = production;
				ASSETCATALOG_COMPILER_APPICON_NAME = AppIcon;
				ASSETCATALOG_COMPILER_GLOBAL_ACCENT_COLOR_NAME = AccentColor;
				CODE_SIGN_ENTITLEMENTS = TiyiNote/TiyiNote.Release.entitlements;
				CODE_SIGN_STYLE = Automatic;
				CURRENT_PROJECT_VERSION = 1;
				DEVELOPMENT_TEAM = 73P2BH4AUD;
				ENABLE_PREVIEWS = YES;
				GENERATE_INFOPLIST_FILE = NO;
				INFOPLIST_FILE = TiyiNote/Info.plist;
				INFOPLIST_KEY_UIApplicationSceneManifest_Generation = YES;
				ICLOUD_CONTAINER_ENVIRONMENT = Production;
				LD_RUNPATH_SEARCH_PATHS = (
					"$(inherited)",
					"@executable_path/Frameworks",
				);
				MARKETING_VERSION = 0.1.0;
				MACOSX_DEPLOYMENT_TARGET = 14.0;
				PRODUCT_BUNDLE_IDENTIFIER = com.tiyi.note;
				"PRODUCT_BUNDLE_IDENTIFIER[sdk=macosx*]" = com.tiyi.note.mac;
				PRODUCT_NAME = "$(TARGET_NAME)";
				SUPPORTED_PLATFORMS = "iphoneos iphonesimulator macosx";
				SUPPORTS_MACCATALYST = YES;
				SWIFT_EMIT_LOC_STRINGS = YES;
				SWIFT_STRICT_CONCURRENCY = minimal;
				SWIFT_VERSION = 5.0;
				TARGETED_DEVICE_FAMILY = "1,2";
			};
			name = Release;
		};
		100000000000000000000805 /* Debug */ = {
			isa = XCBuildConfiguration;
			buildSettings = {
				CODE_SIGN_STYLE = Automatic;
				DEVELOPMENT_TEAM = 73P2BH4AUD;
				GENERATE_INFOPLIST_FILE = YES;
				IPHONEOS_DEPLOYMENT_TARGET = 17.0;
				MACOSX_DEPLOYMENT_TARGET = 14.0;
				LD_RUNPATH_SEARCH_PATHS = (
					"$(inherited)",
					"@executable_path/Frameworks",
					"@loader_path/Frameworks",
				);
				PRODUCT_BUNDLE_IDENTIFIER = com.tiyi.note.uitests;
				"PRODUCT_BUNDLE_IDENTIFIER[sdk=macosx*]" = com.tiyi.note.mac.uitests;
				PRODUCT_NAME = "$(TARGET_NAME)";
				SUPPORTED_PLATFORMS = "iphoneos iphonesimulator macosx";
				SUPPORTS_MACCATALYST = YES;
				SWIFT_EMIT_LOC_STRINGS = NO;
				SWIFT_VERSION = 5.0;
				TARGETED_DEVICE_FAMILY = "1,2";
				TEST_TARGET_NAME = TiyiNote;
			};
			name = Debug;
		};
		100000000000000000000806 /* Release */ = {
			isa = XCBuildConfiguration;
			buildSettings = {
				CODE_SIGN_STYLE = Automatic;
				DEVELOPMENT_TEAM = 73P2BH4AUD;
				GENERATE_INFOPLIST_FILE = YES;
				IPHONEOS_DEPLOYMENT_TARGET = 17.0;
				MACOSX_DEPLOYMENT_TARGET = 14.0;
				LD_RUNPATH_SEARCH_PATHS = (
					"$(inherited)",
					"@executable_path/Frameworks",
					"@loader_path/Frameworks",
				);
				PRODUCT_BUNDLE_IDENTIFIER = com.tiyi.note.uitests;
				"PRODUCT_BUNDLE_IDENTIFIER[sdk=macosx*]" = com.tiyi.note.mac.uitests;
				PRODUCT_NAME = "$(TARGET_NAME)";
				SUPPORTED_PLATFORMS = "iphoneos iphonesimulator macosx";
				SUPPORTS_MACCATALYST = YES;
				SWIFT_EMIT_LOC_STRINGS = NO;
				SWIFT_VERSION = 5.0;
				TARGETED_DEVICE_FAMILY = "1,2";
				TEST_TARGET_NAME = TiyiNote;
			};
			name = Release;
		};
/* End XCBuildConfiguration section */

/* Begin XCConfigurationList section */
		100000000000000000000701 /* Build configuration list for PBXProject "TiyiNote" */ = {
			isa = XCConfigurationList;
			buildConfigurations = (
				100000000000000000000801 /* Debug */,
				100000000000000000000802 /* Release */,
			);
			defaultConfigurationIsVisible = 0;
			defaultConfigurationName = Release;
		};
		100000000000000000000702 /* Build configuration list for PBXNativeTarget "TiyiNote" */ = {
			isa = XCConfigurationList;
			buildConfigurations = (
				100000000000000000000803 /* Debug */,
				100000000000000000000804 /* Release */,
			);
			defaultConfigurationIsVisible = 0;
			defaultConfigurationName = Release;
		};
		100000000000000000000703 /* Build configuration list for PBXNativeTarget "TiyiNoteUITests" */ = {
			isa = XCConfigurationList;
			buildConfigurations = (
				100000000000000000000805 /* Debug */,
				100000000000000000000806 /* Release */,
			);
			defaultConfigurationIsVisible = 0;
			defaultConfigurationName = Release;
		};
/* End XCConfigurationList section */
	};
	rootObject = 100000000000000000000601 /* Project object */;
}
